
Microsoft Visual Studio Solution File, Format Version 12.00
# Visual Studio 2013
VisualStudioVersion = 12.0.30723.0
MinimumVisualStudioVersion = 10.0.40219.1
Project("{8BC9CEB8-8B4A-11D0-8D11-00A0C91BC942}") = "ModelisationGeometrique_TP1", "ModelisationGeometrique_TP1\ModelisationGeometrique_TP1.vcxproj", "{EAE4E7B3-E562-43C1-9D38-172F87B31486}"
EndProject
Global
	GlobalSection(SolutionConfigurationPlatforms) = preSolution
		Debug|Win32 = Debug|Win32
		Debug|x64 = Debug|x64
		Release|Win32 = Release|Win32
		Release|x64 = Release|x64
	EndGlobalSection
	GlobalSection(ProjectConfigurationPlatforms) = postSolution
		{EAE4E7B3-E562-43C1-9D38-172F87B31486}.Debug|Win32.ActiveCfg = Release|Win32
		{EAE4E7B3-E562-43C1-9D38-172F87B31486}.Debug|Win32.Build.0 = Release|Win32
		{EAE4E7B3-E562-43C1-9D38-172F87B31486}.Debug|x64.ActiveCfg = Release|x64
		{EAE4E7B3-E562-43C1-9D38-172F87B31486}.Debug|x64.Build.0 = Release|x64
		{EAE4E7B3-E562-43C1-9D38-172F87B31486}.Release|Win32.ActiveCfg = Release|Win32
		{EAE4E7B3-E562-43C1-9D38-172F87B31486}.Release|Win32.Build.0 = Release|Win32
		{EAE4E7B3-E562-43C1-9D38-172F87B31486}.Release|x64.ActiveCfg = Release|x64
		{EAE4E7B3-E562-43C1-9D38-172F87B31486}.Release|x64.Build.0 = Release|x64
	EndGlobalSection
	GlobalSection(SolutionProperties) = preSolution
		HideSolutionNode = FALSE
	EndGlobalSection
EndGlobal
