
Microsoft Visual Studio Solution File, Format Version 12.00
# Visual Studio 2012
Project("{8BC9CEB8-8B4A-11D0-8D11-00A0C91BC942}") = "ModelisationGeometrique_TP1", "ModelisationGeometrique_TP1\ModelisationGeometrique_TP1.vcxproj", "{EAE4E7B3-E562-43C1-9D38-172F87B31486}"
EndProject
Global
	GlobalSection(SolutionConfigurationPlatforms) = preSolution
		Debug|Win32 = Debug|Win32
		Release|Win32 = Release|Win32
	EndGlobalSection
	GlobalSection(ProjectConfigurationPlatforms) = postSolution
		{EAE4E7B3-E562-43C1-9D38-172F87B31486}.Debug|Win32.ActiveCfg = Debug|Win32
		{EAE4E7B3-E562-43C1-9D38-172F87B31486}.Debug|Win32.Build.0 = Debug|Win32
		{EAE4E7B3-E562-43C1-9D38-172F87B31486}.Release|Win32.ActiveCfg = Release|Win32
		{EAE4E7B3-E562-43C1-9D38-172F87B31486}.Release|Win32.Build.0 = Release|Win32
	EndGlobalSection
	GlobalSection(SolutionProperties) = preSolution
		HideSolutionNode = FALSE
	EndGlobalSection
EndGlobal
